github.com/gorilla/mux v1.8.0 h1:i40aqfkR1h2SlN9hojwV5ZA91wcXFOvkdNIeFDP5koI=
github.com/gorilla/mux v1.8.0/go.mod h1:DVbg23sWSpFRCP0SfiEN6jmj59UnW/n46BH5rLB71So=
github.com/kkhan01/caputo/backend/goutils v0.0.0-20210725182810-bf7264927540 h1:9ivyCNKZz+048J7XVQX+b2UN2QkDlpLT2ZS6XT9hDEs=
github.com/kkhan01/caputo/backend/goutils v0.0.0-20210725182810-bf7264927540/go.mod h1:xUb39HC28UY2SxKtGl2vSBFz12XN5Who9BkMFYzVRKg=
